// !$*UTF8*$!
{
	archiveVersion = 1;
	classes = {
	};
	objectVersion = 56;
	objects = {

/* Begin PBXBuildFile section */
		8783AF1D2E818CC200425C7F /* MainViewController.m in Sources */ = {isa = PBXBuildFile; fileRef = 8783AF1B2E818CC200425C7F /* MainViewController.m */; };
		8783AF1E2E818CC200425C7F /* MainViewController.xib in Resources */ = {isa = PBXBuildFile; fileRef = 8783AF1C2E818CC200425C7F /* MainViewController.xib */; };
		879E9B4E2E8244AA00281959 /* MeViewController.m in Sources */ = {isa = PBXBuildFile; fileRef = 879E9B4C2E8244AA00281959 /* MeViewController.m */; };
		879E9B4F2E8244AA00281959 /* MeViewController.xib in Resources */ = {isa = PBXBuildFile; fileRef = 879E9B4D2E8244AA00281959 /* MeViewController.xib */; };
		879E9B532E8245FF00281959 /* HomeViewController.m in Sources */ = {isa = PBXBuildFile; fileRef = 879E9B512E8245FF00281959 /* HomeViewController.m */; };
		879E9B542E8245FF00281959 /* HomeViewController.xib in Resources */ = {isa = PBXBuildFile; fileRef = 879E9B522E8245FF00281959 /* HomeViewController.xib */; };
		87C6F0912E7FA71A0021A74E /* AppDelegate.m in Sources */ = {isa = PBXBuildFile; fileRef = 87C6F0902E7FA71A0021A74E /* AppDelegate.m */; };
		87C6F0942E7FA71A0021A74E /* SceneDelegate.m in Sources */ = {isa = PBXBuildFile; fileRef = 87C6F0932E7FA71A0021A74E /* SceneDelegate.m */; };
		87C6F0972E7FA71A0021A74E /* ViewController.m in Sources */ = {isa = PBXBuildFile; fileRef = 87C6F0962E7FA71A0021A74E /* ViewController.m */; };
		87C6F09A2E7FA71A0021A74E /* Main.storyboard in Resources */ = {isa = PBXBuildFile; fileRef = 87C6F0982E7FA71A0021A74E /* Main.storyboard */; };
		87C6F09C2E7FA71D0021A74E /* Assets.xcassets in Resources */ = {isa = PBXBuildFile; fileRef = 87C6F09B2E7FA71D0021A74E /* Assets.xcassets */; };
		87C6F09F2E7FA71D0021A74E /* LaunchScreen.storyboard in Resources */ = {isa = PBXBuildFile; fileRef = 87C6F09D2E7FA71D0021A74E /* LaunchScreen.storyboard */; };
		87C6F0A22E7FA71D0021A74E /* main.m in Sources */ = {isa = PBXBuildFile; fileRef = 87C6F0A12E7FA71D0021A74E /* main.m */; };
		87C6F0AC2E7FA71D0021A74E /* ui_iOSTests.m in Sources */ = {isa = PBXBuildFile; fileRef = 87C6F0AB2E7FA71D0021A74E /* ui_iOSTests.m */; };
		87C6F0B62E7FA71D0021A74E /* ui_iOSUITests.m in Sources */ = {isa = PBXBuildFile; fileRef = 87C6F0B52E7FA71D0021A74E /* ui_iOSUITests.m */; };
		87C6F0B82E7FA71D0021A74E /* ui_iOSUITestsLaunchTests.m in Sources */ = {isa = PBXBuildFile; fileRef = 87C6F0B72E7FA71D0021A74E /* ui_iOSUITestsLaunchTests.m */; };
/* End PBXBuildFile section */

/* Begin PBXContainerItemProxy section */
		87C6F0A82E7FA71D0021A74E /* PBXContainerItemProxy */ = {
			isa = PBXContainerItemProxy;
			containerPortal = 87C6F0842E7FA71A0021A74E /* Project object */;
			proxyType = 1;
			remoteGlobalIDString = 87C6F08B2E7FA71A0021A74E;
			remoteInfo = "ui-iOS";
		};
		87C6F0B22E7FA71D0021A74E /* PBXContainerItemProxy */ = {
			isa = PBXContainerItemProxy;
			containerPortal = 87C6F0842E7FA71A0021A74E /* Project object */;
			proxyType = 1;
			remoteGlobalIDString = 87C6F08B2E7FA71A0021A74E;
			remoteInfo = "ui-iOS";
		};
/* End PBXContainerItemProxy section */

/* Begin PBXFileReference section */
		8783AF1A2E818CC200425C7F /* MainViewController.h */ = {isa = PBXFileReference; lastKnownFileType = sourcecode.c.h; path = MainViewController.h; sourceTree = "<group>"; };
		8783AF1B2E818CC200425C7F /* MainViewController.m */ = {isa = PBXFileReference; lastKnownFileType = sourcecode.c.objc; path = MainViewController.m; sourceTree = "<group>"; };
		8783AF1C2E818CC200425C7F /* MainViewController.xib */ = {isa = PBXFileReference; lastKnownFileType = file.xib; path = MainViewController.xib; sourceTree = "<group>"; };
		879E9B4B2E8244AA00281959 /* MeViewController.h */ = {isa = PBXFileReference; lastKnownFileType = sourcecode.c.h; path = MeViewController.h; sourceTree = "<group>"; };
		879E9B4C2E8244AA00281959 /* MeViewController.m */ = {isa = PBXFileReference; lastKnownFileType = sourcecode.c.objc; path = MeViewController.m; sourceTree = "<group>"; };
		879E9B4D2E8244AA00281959 /* MeViewController.xib */ = {isa = PBXFileReference; lastKnownFileType = file.xib; path = MeViewController.xib; sourceTree = "<group>"; };
		879E9B502E8245FF00281959 /* HomeViewController.h */ = {isa = PBXFileReference; lastKnownFileType = sourcecode.c.h; path = HomeViewController.h; sourceTree = "<group>"; };
		879E9B512E8245FF00281959 /* HomeViewController.m */ = {isa = PBXFileReference; lastKnownFileType = sourcecode.c.objc; path = HomeViewController.m; sourceTree = "<group>"; };
		879E9B522E8245FF00281959 /* HomeViewController.xib */ = {isa = PBXFileReference; lastKnownFileType = file.xib; path = HomeViewController.xib; sourceTree = "<group>"; };
		87C6F08C2E7FA71A0021A74E /* ui-iOS.app */ = {isa = PBXFileReference; explicitFileType = wrapper.application; includeInIndex = 0; path = "ui-iOS.app"; sourceTree = BUILT_PRODUCTS_DIR; };
		87C6F08F2E7FA71A0021A74E /* AppDelegate.h */ = {isa = PBXFileReference; lastKnownFileType = sourcecode.c.h; path = AppDelegate.h; sourceTree = "<group>"; };
		87C6F0902E7FA71A0021A74E /* AppDelegate.m */ = {isa = PBXFileReference; lastKnownFileType = sourcecode.c.objc; path = AppDelegate.m; sourceTree = "<group>"; };
		87C6F0922E7FA71A0021A74E /* SceneDelegate.h */ = {isa = PBXFileReference; lastKnownFileType = sourcecode.c.h; path = SceneDelegate.h; sourceTree = "<group>"; };
		87C6F0932E7FA71A0021A74E /* SceneDelegate.m */ = {isa = PBXFileReference; lastKnownFileType = sourcecode.c.objc; path = SceneDelegate.m; sourceTree = "<group>"; };
		87C6F0952E7FA71A0021A74E /* ViewController.h */ = {isa = PBXFileReference; lastKnownFileType = sourcecode.c.h; path = ViewController.h; sourceTree = "<group>"; };
		87C6F0962E7FA71A0021A74E /* ViewController.m */ = {isa = PBXFileReference; lastKnownFileType = sourcecode.c.objc; path = ViewController.m; sourceTree = "<group>"; };
		87C6F0992E7FA71A0021A74E /* Base */ = {isa = PBXFileReference; lastKnownFileType = file.storyboard; name = Base; path = Base.lproj/Main.storyboard; sourceTree = "<group>"; };
		87C6F09B2E7FA71D0021A74E /* Assets.xcassets */ = {isa = PBXFileReference; lastKnownFileType = folder.assetcatalog; path = Assets.xcassets; sourceTree = "<group>"; };
		87C6F09E2E7FA71D0021A74E /* Base */ = {isa = PBXFileReference; lastKnownFileType = file.storyboard; name = Base; path = Base.lproj/LaunchScreen.storyboard; sourceTree = "<group>"; };
		87C6F0A02E7FA71D0021A74E /* Info.plist */ = {isa = PBXFileReference; lastKnownFileType = text.plist.xml; path = Info.plist; sourceTree = "<group>"; };
		87C6F0A12E7FA71D0021A74E /* main.m */ = {isa = PBXFileReference; lastKnownFileType = sourcecode.c.objc; path = main.m; sourceTree = "<group>"; };
		87C6F0A72E7FA71D0021A74E /* ui-iOSTests.xctest */ = {isa = PBXFileReference; explicitFileType = wrapper.cfbundle; includeInIndex = 0; path = "ui-iOSTests.xctest"; sourceTree = BUILT_PRODUCTS_DIR; };
		87C6F0AB2E7FA71D0021A74E /* ui_iOSTests.m */ = {isa = PBXFileReference; lastKnownFileType = sourcecode.c.objc; path = ui_iOSTests.m; sourceTree = "<group>"; };
		87C6F0B12E7FA71D0021A74E /* ui-iOSUITests.xctest */ = {isa = PBXFileReference; explicitFileType = wrapper.cfbundle; includeInIndex = 0; path = "ui-iOSUITests.xctest"; sourceTree = BUILT_PRODUCTS_DIR; };
		87C6F0B52E7FA71D0021A74E /* ui_iOSUITests.m */ = {isa = PBXFileReference; lastKnownFileType = sourcecode.c.objc; path = ui_iOSUITests.m; sourceTree = "<group>"; };
		87C6F0B72E7FA71D0021A74E /* ui_iOSUITestsLaunchTests.m */ = {isa = PBXFileReference; lastKnownFileType = sourcecode.c.objc; path = ui_iOSUITestsLaunchTests.m; sourceTree = "<group>"; };
/* End PBXFileReference section */

/* Begin PBXFrameworksBuildPhase section */
		87C6F0892E7FA71A0021A74E /* Frameworks */ = {
			isa = PBXFrameworksBuildPhase;
			buildActionMask = 2147483647;
			files = (
			);
			runOnlyForDeploymentPostprocessing = 0;
		};
		87C6F0A42E7FA71D0021A74E /* Frameworks */ = {
			isa = PBXFrameworksBuildPhase;
			buildActionMask = 2147483647;
			files = (
			);
			runOnlyForDeploymentPostprocessing = 0;
		};
		87C6F0AE2E7FA71D0021A74E /* Frameworks */ = {
			isa = PBXFrameworksBuildPhase;
			buildActionMask = 2147483647;
			files = (
			);
			runOnlyForDeploymentPostprocessing = 0;
		};
/* End PBXFrameworksBuildPhase section */

/* Begin PBXGroup section */
		87C6F0832E7FA71A0021A74E = {
			isa = PBXGroup;
			children = (
				87C6F08E2E7FA71A0021A74E /* ui-iOS */,
				87C6F0AA2E7FA71D0021A74E /* ui-iOSTests */,
				87C6F0B42E7FA71D0021A74E /* ui-iOSUITests */,
				87C6F08D2E7FA71A0021A74E /* Products */,
			);
			sourceTree = "<group>";
		};
		87C6F08D2E7FA71A0021A74E /* Products */ = {
			isa = PBXGroup;
			children = (
				87C6F08C2E7FA71A0021A74E /* ui-iOS.app */,
				87C6F0A72E7FA71D0021A74E /* ui-iOSTests.xctest */,
				87C6F0B12E7FA71D0021A74E /* ui-iOSUITests.xctest */,
			);
			name = Products;
			sourceTree = "<group>";
		};
		87C6F08E2E7FA71A0021A74E /* ui-iOS */ = {
			isa = PBXGroup;
			children = (
				87C6F08F2E7FA71A0021A74E /* AppDelegate.h */,
				87C6F0902E7FA71A0021A74E /* AppDelegate.m */,
				87C6F0922E7FA71A0021A74E /* SceneDelegate.h */,
				87C6F0932E7FA71A0021A74E /* SceneDelegate.m */,
				87C6F0952E7FA71A0021A74E /* ViewController.h */,
				87C6F0962E7FA71A0021A74E /* ViewController.m */,
				87C6F0982E7FA71A0021A74E /* Main.storyboard */,
				87C6F09B2E7FA71D0021A74E /* Assets.xcassets */,
				87C6F09D2E7FA71D0021A74E /* LaunchScreen.storyboard */,
				87C6F0A02E7FA71D0021A74E /* Info.plist */,
				87C6F0A12E7FA71D0021A74E /* main.m */,
				8783AF1A2E818CC200425C7F /* MainViewController.h */,
				8783AF1B2E818CC200425C7F /* MainViewController.m */,
				8783AF1C2E818CC200425C7F /* MainViewController.xib */,
				879E9B4B2E8244AA00281959 /* MeViewController.h */,
				879E9B4C2E8244AA00281959 /* MeViewController.m */,
				879E9B4D2E8244AA00281959 /* MeViewController.xib */,
				879E9B502E8245FF00281959 /* HomeViewController.h */,
				879E9B512E8245FF00281959 /* HomeViewController.m */,
				879E9B522E8245FF00281959 /* HomeViewController.xib */,
			);
			path = "ui-iOS";
			sourceTree = "<group>";
		};
		87C6F0AA2E7FA71D0021A74E /* ui-iOSTests */ = {
			isa = PBXGroup;
			children = (
				87C6F0AB2E7FA71D0021A74E /* ui_iOSTests.m */,
			);
			path = "ui-iOSTests";
			sourceTree = "<group>";
		};
		87C6F0B42E7FA71D0021A74E /* ui-iOSUITests */ = {
			isa = PBXGroup;
			children = (
				87C6F0B52E7FA71D0021A74E /* ui_iOSUITests.m */,
				87C6F0B72E7FA71D0021A74E /* ui_iOSUITestsLaunchTests.m */,
			);
			path = "ui-iOSUITests";
			sourceTree = "<group>";
		};
/* End PBXGroup section */

/* Begin PBXNativeTarget section */
		87C6F08B2E7FA71A0021A74E /* ui-iOS */ = {
			isa = PBXNativeTarget;
			buildConfigurationList = 87C6F0BB2E7FA71D0021A74E /* Build configuration list for PBXNativeTarget "ui-iOS" */;
			buildPhases = (
				87C6F0882E7FA71A0021A74E /* Sources */,
				87C6F0892E7FA71A0021A74E /* Frameworks */,
				87C6F08A2E7FA71A0021A74E /* Resources */,
			);
			buildRules = (
			);
			dependencies = (
			);
			name = "ui-iOS";
			productName = "ui-iOS";
			productReference = 87C6F08C2E7FA71A0021A74E /* ui-iOS.app */;
			productType = "com.apple.product-type.application";
		};
		87C6F0A62E7FA71D0021A74E /* ui-iOSTests */ = {
			isa = PBXNativeTarget;
			buildConfigurationList = 87C6F0BE2E7FA71D0021A74E /* Build configuration list for PBXNativeTarget "ui-iOSTests" */;
			buildPhases = (
				87C6F0A32E7FA71D0021A74E /* Sources */,
				87C6F0A42E7FA71D0021A74E /* Frameworks */,
				87C6F0A52E7FA71D0021A74E /* Resources */,
			);
			buildRules = (
			);
			dependencies = (
				87C6F0A92E7FA71D0021A74E /* PBXTargetDependency */,
			);
			name = "ui-iOSTests";
			productName = "ui-iOSTests";
			productReference = 87C6F0A72E7FA71D0021A74E /* ui-iOSTests.xctest */;
			productType = "com.apple.product-type.bundle.unit-test";
		};
		87C6F0B02E7FA71D0021A74E /* ui-iOSUITests */ = {
			isa = PBXNativeTarget;
			buildConfigurationList = 87C6F0C12E7FA71D0021A74E /* Build configuration list for PBXNativeTarget "ui-iOSUITests" */;
			buildPhases = (
				87C6F0AD2E7FA71D0021A74E /* Sources */,
				87C6F0AE2E7FA71D0021A74E /* Frameworks */,
				87C6F0AF2E7FA71D0021A74E /* Resources */,
			);
			buildRules = (
			);
			dependencies = (
				87C6F0B32E7FA71D0021A74E /* PBXTargetDependency */,
			);
			name = "ui-iOSUITests";
			productName = "ui-iOSUITests";
			productReference = 87C6F0B12E7FA71D0021A74E /* ui-iOSUITests.xctest */;
			productType = "com.apple.product-type.bundle.ui-testing";
		};
/* End PBXNativeTarget section */

/* Begin PBXProject section */
		87C6F0842E7FA71A0021A74E /* Project object */ = {
			isa = PBXProject;
			attributes = {
				BuildIndependentTargetsInParallel = 1;
				LastUpgradeCheck = 1420;
				TargetAttributes = {
					87C6F08B2E7FA71A0021A74E = {
						CreatedOnToolsVersion = 14.2;
					};
					87C6F0A62E7FA71D0021A74E = {
						CreatedOnToolsVersion = 14.2;
						TestTargetID = 87C6F08B2E7FA71A0021A74E;
					};
					87C6F0B02E7FA71D0021A74E = {
						CreatedOnToolsVersion = 14.2;
						TestTargetID = 87C6F08B2E7FA71A0021A74E;
					};
				};
			};
			buildConfigurationList = 87C6F0872E7FA71A0021A74E /* Build configuration list for PBXProject "ui-iOS" */;
			compatibilityVersion = "Xcode 14.0";
			developmentRegion = en;
			hasScannedForEncodings = 0;
			knownRegions = (
				en,
				Base,
			);
			mainGroup = 87C6F0832E7FA71A0021A74E;
			productRefGroup = 87C6F08D2E7FA71A0021A74E /* Products */;
			projectDirPath = "";
			projectRoot = "";
			targets = (
				87C6F08B2E7FA71A0021A74E /* ui-iOS */,
				87C6F0A62E7FA71D0021A74E /* ui-iOSTests */,
				87C6F0B02E7FA71D0021A74E /* ui-iOSUITests */,
			);
		};
/* End PBXProject section */

/* Begin PBXResourcesBuildPhase section */
		87C6F08A2E7FA71A0021A74E /* Resources */ = {
			isa = PBXResourcesBuildPhase;
			buildActionMask = 2147483647;
			files = (
				87C6F09F2E7FA71D0021A74E /* LaunchScreen.storyboard in Resources */,
				87C6F09C2E7FA71D0021A74E /* Assets.xcassets in Resources */,
				879E9B4F2E8244AA00281959 /* MeViewController.xib in Resources */,
				87C6F09A2E7FA71A0021A74E /* Main.storyboard in Resources */,
				8783AF1E2E818CC200425C7F /* MainViewController.xib in Resources */,
				879E9B542E8245FF00281959 /* HomeViewController.xib in Resources */,
			);
			runOnlyForDeploymentPostprocessing = 0;
		};
		87C6F0A52E7FA71D0021A74E /* Resources */ = {
			isa = PBXResourcesBuildPhase;
			buildActionMask = 2147483647;
			files = (
			);
			runOnlyForDeploymentPostprocessing = 0;
		};
		87C6F0AF2E7FA71D0021A74E /* Resources */ = {
			isa = PBXResourcesBuildPhase;
			buildActionMask = 2147483647;
			files = (
			);
			runOnlyForDeploymentPostprocessing = 0;
		};
/* End PBXResourcesBuildPhase section */

/* Begin PBXSourcesBuildPhase section */
		87C6F0882E7FA71A0021A74E /* Sources */ = {
			isa = PBXSourcesBuildPhase;
			buildActionMask = 2147483647;
			files = (
				879E9B4E2E8244AA00281959 /* MeViewController.m in Sources */,
				87C6F0972E7FA71A0021A74E /* ViewController.m in Sources */,
				87C6F0912E7FA71A0021A74E /* AppDelegate.m in Sources */,
				87C6F0A22E7FA71D0021A74E /* main.m in Sources */,
				8783AF1D2E818CC200425C7F /* MainViewController.m in Sources */,
				879E9B532E8245FF00281959 /* HomeViewController.m in Sources */,
				87C6F0942E7FA71A0021A74E /* SceneDelegate.m in Sources */,
			);
			runOnlyForDeploymentPostprocessing = 0;
		};
		87C6F0A32E7FA71D0021A74E /* Sources */ = {
			isa = PBXSourcesBuildPhase;
			buildActionMask = 2147483647;
			files = (
				87C6F0AC2E7FA71D0021A74E /* ui_iOSTests.m in Sources */,
			);
			runOnlyForDeploymentPostprocessing = 0;
		};
		87C6F0AD2E7FA71D0021A74E /* Sources */ = {
			isa = PBXSourcesBuildPhase;
			buildActionMask = 2147483647;
			files = (
				87C6F0B82E7FA71D0021A74E /* ui_iOSUITestsLaunchTests.m in Sources */,
				87C6F0B62E7FA71D0021A74E /* ui_iOSUITests.m in Sources */,
			);
			runOnlyForDeploymentPostprocessing = 0;
		};
/* End PBXSourcesBuildPhase section */

/* Begin PBXTargetDependency section */
		87C6F0A92E7FA71D0021A74E /* PBXTargetDependency */ = {
			isa = PBXTargetDependency;
			target = 87C6F08B2E7FA71A0021A74E /* ui-iOS */;
			targetProxy = 87C6F0A82E7FA71D0021A74E /* PBXContainerItemProxy */;
		};
		87C6F0B32E7FA71D0021A74E /* PBXTargetDependency */ = {
			isa = PBXTargetDependency;
			target = 87C6F08B2E7FA71A0021A74E /* ui-iOS */;
			targetProxy = 87C6F0B22E7FA71D0021A74E /* PBXContainerItemProxy */;
		};
/* End PBXTargetDependency section */

/* Begin PBXVariantGroup section */
		87C6F0982E7FA71A0021A74E /* Main.storyboard */ = {
			isa = PBXVariantGroup;
			children = (
				87C6F0992E7FA71A0021A74E /* Base */,
			);
			name = Main.storyboard;
			sourceTree = "<group>";
		};
		87C6F09D2E7FA71D0021A74E /* LaunchScreen.storyboard */ = {
			isa = PBXVariantGroup;
			children = (
				87C6F09E2E7FA71D0021A74E /* Base */,
			);
			name = LaunchScreen.storyboard;
			sourceTree = "<group>";
		};
/* End PBXVariantGroup section */

/* Begin XCBuildConfiguration section */
		87C6F0B92E7FA71D0021A74E /* Debug */ = {
			isa = XCBuildConfiguration;
			buildSettings = {
				ALWAYS_SEARCH_USER_PATHS = NO;
				CLANG_ANALYZER_NONNULL = YES;
				CLANG_ANALYZER_NUMBER_OBJECT_CONVERSION = YES_AGGRESSIVE;
				CLANG_CXX_LANGUAGE_STANDARD = "gnu++20";
				CLANG_ENABLE_MODULES = YES;
				CLANG_ENABLE_OBJC_ARC = YES;
				CLANG_ENABLE_OBJC_WEAK = YES;
				CLANG_WARN_BLOCK_CAPTURE_AUTORELEASING = YES;
				CLANG_WARN_BOOL_CONVERSION = YES;
				CLANG_WARN_COMMA = YES;
				CLANG_WARN_CONSTANT_CONVERSION = YES;
				CLANG_WARN_DEPRECATED_OBJC_IMPLEMENTATIONS = YES;
				CLANG_WARN_DIRECT_OBJC_ISA_USAGE = YES_ERROR;
				CLANG_WARN_DOCUMENTATION_COMMENTS = YES;
				CLANG_WARN_EMPTY_BODY = YES;
				CLANG_WARN_ENUM_CONVERSION = YES;
				CLANG_WARN_INFINITE_RECURSION = YES;
				CLANG_WARN_INT_CONVERSION = YES;
				CLANG_WARN_NON_LITERAL_NULL_CONVERSION = YES;
				CLANG_WARN_OBJC_IMPLICIT_RETAIN_SELF = YES;
				CLANG_WARN_OBJC_LITERAL_CONVERSION = YES;
				CLANG_WARN_OBJC_ROOT_CLASS = YES_ERROR;
				CLANG_WARN_QUOTED_INCLUDE_IN_FRAMEWORK_HEADER = YES;
				CLANG_WARN_RANGE_LOOP_ANALYSIS = YES;
				CLANG_WARN_STRICT_PROTOTYPES = YES;
				CLANG_WARN_SUSPICIOUS_MOVE = YES;
				CLANG_WARN_UNGUARDED_AVAILABILITY = YES_AGGRESSIVE;
				CLANG_WARN_UNREACHABLE_CODE = YES;
				CLANG_WARN__DUPLICATE_METHOD_MATCH = YES;
				COPY_PHASE_STRIP = NO;
				DEBUG_INFORMATION_FORMAT = dwarf;
				ENABLE_STRICT_OBJC_MSGSEND = YES;
				ENABLE_TESTABILITY = YES;
				GCC_C_LANGUAGE_STANDARD = gnu11;
				GCC_DYNAMIC_NO_PIC = NO;
				GCC_NO_COMMON_BLOCKS = YES;
				GCC_OPTIMIZATION_LEVEL = 0;
				GCC_PREPROCESSOR_DEFINITIONS = (
					"DEBUG=1",
					"$(inherited)",
				);
				GCC_WARN_64_TO_32_BIT_CONVERSION = YES;
				GCC_WARN_ABOUT_RETURN_TYPE = YES_ERROR;
				GCC_WARN_UNDECLARED_SELECTOR = YES;
				GCC_WARN_UNINITIALIZED_AUTOS = YES_AGGRESSIVE;
				GCC_WARN_UNUSED_FUNCTION = YES;
				GCC_WARN_UNUSED_VARIABLE = YES;
				IPHONEOS_DEPLOYMENT_TARGET = 16.2;
				MTL_ENABLE_DEBUG_INFO = INCLUDE_SOURCE;
				MTL_FAST_MATH = YES;
				ONLY_ACTIVE_ARCH = YES;
				SDKROOT = iphoneos;
			};
			name = Debug;
		};
		87C6F0BA2E7FA71D0021A74E /* Release */ = {
			isa = XCBuildConfiguration;
			buildSettings = {
				ALWAYS_SEARCH_USER_PATHS = NO;
				CLANG_ANALYZER_NONNULL = YES;
				CLANG_ANALYZER_NUMBER_OBJECT_CONVERSION = YES_AGGRESSIVE;
				CLANG_CXX_LANGUAGE_STANDARD = "gnu++20";
				CLANG_ENABLE_MODULES = YES;
				CLANG_ENABLE_OBJC_ARC = YES;
				CLANG_ENABLE_OBJC_WEAK = YES;
				CLANG_WARN_BLOCK_CAPTURE_AUTORELEASING = YES;
				CLANG_WARN_BOOL_CONVERSION = YES;
				CLANG_WARN_COMMA = YES;
				CLANG_WARN_CONSTANT_CONVERSION = YES;
				CLANG_WARN_DEPRECATED_OBJC_IMPLEMENTATIONS = YES;
				CLANG_WARN_DIRECT_OBJC_ISA_USAGE = YES_ERROR;
				CLANG_WARN_DOCUMENTATION_COMMENTS = YES;
				CLANG_WARN_EMPTY_BODY = YES;
				CLANG_WARN_ENUM_CONVERSION = YES;
				CLANG_WARN_INFINITE_RECURSION = YES;
				CLANG_WARN_INT_CONVERSION = YES;
				CLANG_WARN_NON_LITERAL_NULL_CONVERSION = YES;
				CLANG_WARN_OBJC_IMPLICIT_RETAIN_SELF = YES;
				CLANG_WARN_OBJC_LITERAL_CONVERSION = YES;
				CLANG_WARN_OBJC_ROOT_CLASS = YES_ERROR;
				CLANG_WARN_QUOTED_INCLUDE_IN_FRAMEWORK_HEADER = YES;
				CLANG_WARN_RANGE_LOOP_ANALYSIS = YES;
				CLANG_WARN_STRICT_PROTOTYPES = YES;
				CLANG_WARN_SUSPICIOUS_MOVE = YES;
				CLANG_WARN_UNGUARDED_AVAILABILITY = YES_AGGRESSIVE;
				CLANG_WARN_UNREACHABLE_CODE = YES;
				CLANG_WARN__DUPLICATE_METHOD_MATCH = YES;
				COPY_PHASE_STRIP = NO;
				DEBUG_INFORMATION_FORMAT = "dwarf-with-dsym";
				ENABLE_NS_ASSERTIONS = NO;
				ENABLE_STRICT_OBJC_MSGSEND = YES;
				GCC_C_LANGUAGE_STANDARD = gnu11;
				GCC_NO_COMMON_BLOCKS = YES;
				GCC_WARN_64_TO_32_BIT_CONVERSION = YES;
				GCC_WARN_ABOUT_RETURN_TYPE = YES_ERROR;
				GCC_WARN_UNDECLARED_SELECTOR = YES;
				GCC_WARN_UNINITIALIZED_AUTOS = YES_AGGRESSIVE;
				GCC_WARN_UNUSED_FUNCTION = YES;
				GCC_WARN_UNUSED_VARIABLE = YES;
				IPHONEOS_DEPLOYMENT_TARGET = 16.2;
				MTL_ENABLE_DEBUG_INFO = NO;
				MTL_FAST_MATH = YES;
				SDKROOT = iphoneos;
				VALIDATE_PRODUCT = YES;
			};
			name = Release;
		};
		87C6F0BC2E7FA71D0021A74E /* Debug */ = {
			isa = XCBuildConfiguration;
			buildSettings = {
				ASSETCATALOG_COMPILER_APPICON_NAME = AppIcon;
				ASSETCATALOG_COMPILER_GLOBAL_ACCENT_COLOR_NAME = AccentColor;
				CODE_SIGN_STYLE = Automatic;
				CURRENT_PROJECT_VERSION = 1;
				GENERATE_INFOPLIST_FILE = YES;
				INFOPLIST_FILE = "ui-iOS/Info.plist";
				INFOPLIST_KEY_UIApplicationSupportsIndirectInputEvents = YES;
				INFOPLIST_KEY_UILaunchStoryboardName = LaunchScreen;
				INFOPLIST_KEY_UIMainStoryboardFile = Main;
				INFOPLIST_KEY_UISupportedInterfaceOrientations_iPad = "UIInterfaceOrientationPortrait UIInterfaceOrientationPortraitUpsideDown UIInterfaceOrientationLandscapeLeft UIInterfaceOrientationLandscapeRight";
				INFOPLIST_KEY_UISupportedInterfaceOrientations_iPhone = "UIInterfaceOrientationPortrait UIInterfaceOrientationLandscapeLeft UIInterfaceOrientationLandscapeRight";
				LD_RUNPATH_SEARCH_PATHS = (
					"$(inherited)",
					"@executable_path/Frameworks",
				);
				MARKETING_VERSION = 1.0;
				PRODUCT_BUNDLE_IDENTIFIER = "com.future.demo.ui-iOS";
				PRODUCT_NAME = "$(TARGET_NAME)";
				SWIFT_EMIT_LOC_STRINGS = YES;
				TARGETED_DEVICE_FAMILY = "1,2";
			};
			name = Debug;
		};
		87C6F0BD2E7FA71D0021A74E /* Release */ = {
			isa = XCBuildConfiguration;
			buildSettings = {
				ASSETCATALOG_COMPILER_APPICON_NAME = AppIcon;
				ASSETCATALOG_COMPILER_GLOBAL_ACCENT_COLOR_NAME = AccentColor;
				CODE_SIGN_STYLE = Automatic;
				CURRENT_PROJECT_VERSION = 1;
				GENERATE_INFOPLIST_FILE = YES;
				INFOPLIST_FILE = "ui-iOS/Info.plist";
				INFOPLIST_KEY_UIApplicationSupportsIndirectInputEvents = YES;
				INFOPLIST_KEY_UILaunchStoryboardName = LaunchScreen;
				INFOPLIST_KEY_UIMainStoryboardFile = Main;
				INFOPLIST_KEY_UISupportedInterfaceOrientations_iPad = "UIInterfaceOrientationPortrait UIInterfaceOrientationPortraitUpsideDown UIInterfaceOrientationLandscapeLeft UIInterfaceOrientationLandscapeRight";
				INFOPLIST_KEY_UISupportedInterfaceOrientations_iPhone = "UIInterfaceOrientationPortrait UIInterfaceOrientationLandscapeLeft UIInterfaceOrientationLandscapeRight";
				LD_RUNPATH_SEARCH_PATHS = (
					"$(inherited)",
					"@executable_path/Frameworks",
				);
				MARKETING_VERSION = 1.0;
				PRODUCT_BUNDLE_IDENTIFIER = "com.future.demo.ui-iOS";
				PRODUCT_NAME = "$(TARGET_NAME)";
				SWIFT_EMIT_LOC_STRINGS = YES;
				TARGETED_DEVICE_FAMILY = "1,2";
			};
			name = Release;
		};
		87C6F0BF2E7FA71D0021A74E /* Debug */ = {
			isa = XCBuildConfiguration;
			buildSettings = {
				BUNDLE_LOADER = "$(TEST_HOST)";
				CODE_SIGN_STYLE = Automatic;
				CURRENT_PROJECT_VERSION = 1;
				GENERATE_INFOPLIST_FILE = YES;
				IPHONEOS_DEPLOYMENT_TARGET = 16.2;
				MARKETING_VERSION = 1.0;
				PRODUCT_BUNDLE_IDENTIFIER = "com.future.demo.ui-iOSTests";
				PRODUCT_NAME = "$(TARGET_NAME)";
				SWIFT_EMIT_LOC_STRINGS = NO;
				TARGETED_DEVICE_FAMILY = "1,2";
				TEST_HOST = "$(BUILT_PRODUCTS_DIR)/ui-iOS.app/$(BUNDLE_EXECUTABLE_FOLDER_PATH)/ui-iOS";
			};
			name = Debug;
		};
		87C6F0C02E7FA71D0021A74E /* Release */ = {
			isa = XCBuildConfiguration;
			buildSettings = {
				BUNDLE_LOADER = "$(TEST_HOST)";
				CODE_SIGN_STYLE = Automatic;
				CURRENT_PROJECT_VERSION = 1;
				GENERATE_INFOPLIST_FILE = YES;
				IPHONEOS_DEPLOYMENT_TARGET = 16.2;
				MARKETING_VERSION = 1.0;
				PRODUCT_BUNDLE_IDENTIFIER = "com.future.demo.ui-iOSTests";
				PRODUCT_NAME = "$(TARGET_NAME)";
				SWIFT_EMIT_LOC_STRINGS = NO;
				TARGETED_DEVICE_FAMILY = "1,2";
				TEST_HOST = "$(BUILT_PRODUCTS_DIR)/ui-iOS.app/$(BUNDLE_EXECUTABLE_FOLDER_PATH)/ui-iOS";
			};
			name = Release;
		};
		87C6F0C22E7FA71D0021A74E /* Debug */ = {
			isa = XCBuildConfiguration;
			buildSettings = {
				CODE_SIGN_STYLE = Automatic;
				CURRENT_PROJECT_VERSION = 1;
				GENERATE_INFOPLIST_FILE = YES;
				MARKETING_VERSION = 1.0;
				PRODUCT_BUNDLE_IDENTIFIER = "com.future.demo.ui-iOSUITests";
				PRODUCT_NAME = "$(TARGET_NAME)";
				SWIFT_EMIT_LOC_STRINGS = NO;
				TARGETED_DEVICE_FAMILY = "1,2";
				TEST_TARGET_NAME = "ui-iOS";
			};
			name = Debug;
		};
		87C6F0C32E7FA71D0021A74E /* Release */ = {
			isa = XCBuildConfiguration;
			buildSettings = {
				CODE_SIGN_STYLE = Automatic;
				CURRENT_PROJECT_VERSION = 1;
				GENERATE_INFOPLIST_FILE = YES;
				MARKETING_VERSION = 1.0;
				PRODUCT_BUNDLE_IDENTIFIER = "com.future.demo.ui-iOSUITests";
				PRODUCT_NAME = "$(TARGET_NAME)";
				SWIFT_EMIT_LOC_STRINGS = NO;
				TARGETED_DEVICE_FAMILY = "1,2";
				TEST_TARGET_NAME = "ui-iOS";
			};
			name = Release;
		};
/* End XCBuildConfiguration section */

/* Begin XCConfigurationList section */
		87C6F0872E7FA71A0021A74E /* Build configuration list for PBXProject "ui-iOS" */ = {
			isa = XCConfigurationList;
			buildConfigurations = (
				87C6F0B92E7FA71D0021A74E /* Debug */,
				87C6F0BA2E7FA71D0021A74E /* Release */,
			);
			defaultConfigurationIsVisible = 0;
			defaultConfigurationName = Release;
		};
		87C6F0BB2E7FA71D0021A74E /* Build configuration list for PBXNativeTarget "ui-iOS" */ = {
			isa = XCConfigurationList;
			buildConfigurations = (
				87C6F0BC2E7FA71D0021A74E /* Debug */,
				87C6F0BD2E7FA71D0021A74E /* Release */,
			);
			defaultConfigurationIsVisible = 0;
			defaultConfigurationName = Release;
		};
		87C6F0BE2E7FA71D0021A74E /* Build configuration list for PBXNativeTarget "ui-iOSTests" */ = {
			isa = XCConfigurationList;
			buildConfigurations = (
				87C6F0BF2E7FA71D0021A74E /* Debug */,
				87C6F0C02E7FA71D0021A74E /* Release */,
			);
			defaultConfigurationIsVisible = 0;
			defaultConfigurationName = Release;
		};
		87C6F0C12E7FA71D0021A74E /* Build configuration list for PBXNativeTarget "ui-iOSUITests" */ = {
			isa = XCConfigurationList;
			buildConfigurations = (
				87C6F0C22E7FA71D0021A74E /* Debug */,
				87C6F0C32E7FA71D0021A74E /* Release */,
			);
			defaultConfigurationIsVisible = 0;
			defaultConfigurationName = Release;
		};
/* End XCConfigurationList section */
	};
	rootObject = 87C6F0842E7FA71A0021A74E /* Project object */;
}
