
Microsoft Visual Studio Solution File, Format Version 11.00
# Visual Studio 2010
Project("{8BC9CEB8-8B4A-11D0-8D11-00A0C91BC942}") = "demo-array", "demo-array\demo-array.vcxproj", "{4DF1E926-6B96-4E95-AAA7-AD3433EBB56B}"
EndProject
Project("{8BC9CEB8-8B4A-11D0-8D11-00A0C91BC942}") = "demo-multiple-file", "demo-multiple-file\demo-multiple-file.vcxproj", "{80474D45-773D-4164-8E1C-39B3F23B396A}"
EndProject
Project("{8BC9CEB8-8B4A-11D0-8D11-00A0C91BC942}") = "demo-pointer", "demo-pointer\demo-pointer.vcxproj", "{CDAF4714-3319-450E-9AAD-EE4C6CD3385C}"
EndProject
Project("{8BC9CEB8-8B4A-11D0-8D11-00A0C91BC942}") = "demo-struct", "demo-struct\demo-struct.vcxproj", "{5C0EDB49-9BDC-4D02-889B-A9336ECD5ECE}"
EndProject
Project("{8BC9CEB8-8B4A-11D0-8D11-00A0C91BC942}") = "demo-program-memory", "demo-program-memory\demo-program-memory.vcxproj", "{E0B42530-03C3-4703-B2FA-62ABAE250993}"
EndProject
Project("{8BC9CEB8-8B4A-11D0-8D11-00A0C91BC942}") = "demo-reference", "demo-reference\demo-reference.vcxproj", "{4A14FEA0-1DA5-486F-AE2C-B1AA97ADD301}"
EndProject
Global
	GlobalSection(SolutionConfigurationPlatforms) = preSolution
		Debug|Win32 = Debug|Win32
		Release|Win32 = Release|Win32
	EndGlobalSection
	GlobalSection(ProjectConfigurationPlatforms) = postSolution
		{4DF1E926-6B96-4E95-AAA7-AD3433EBB56B}.Debug|Win32.ActiveCfg = Debug|Win32
		{4DF1E926-6B96-4E95-AAA7-AD3433EBB56B}.Debug|Win32.Build.0 = Debug|Win32
		{4DF1E926-6B96-4E95-AAA7-AD3433EBB56B}.Release|Win32.ActiveCfg = Release|Win32
		{4DF1E926-6B96-4E95-AAA7-AD3433EBB56B}.Release|Win32.Build.0 = Release|Win32
		{80474D45-773D-4164-8E1C-39B3F23B396A}.Debug|Win32.ActiveCfg = Debug|Win32
		{80474D45-773D-4164-8E1C-39B3F23B396A}.Debug|Win32.Build.0 = Debug|Win32
		{80474D45-773D-4164-8E1C-39B3F23B396A}.Release|Win32.ActiveCfg = Release|Win32
		{80474D45-773D-4164-8E1C-39B3F23B396A}.Release|Win32.Build.0 = Release|Win32
		{CDAF4714-3319-450E-9AAD-EE4C6CD3385C}.Debug|Win32.ActiveCfg = Debug|Win32
		{CDAF4714-3319-450E-9AAD-EE4C6CD3385C}.Debug|Win32.Build.0 = Debug|Win32
		{CDAF4714-3319-450E-9AAD-EE4C6CD3385C}.Release|Win32.ActiveCfg = Release|Win32
		{CDAF4714-3319-450E-9AAD-EE4C6CD3385C}.Release|Win32.Build.0 = Release|Win32
		{5C0EDB49-9BDC-4D02-889B-A9336ECD5ECE}.Debug|Win32.ActiveCfg = Debug|Win32
		{5C0EDB49-9BDC-4D02-889B-A9336ECD5ECE}.Debug|Win32.Build.0 = Debug|Win32
		{5C0EDB49-9BDC-4D02-889B-A9336ECD5ECE}.Release|Win32.ActiveCfg = Release|Win32
		{5C0EDB49-9BDC-4D02-889B-A9336ECD5ECE}.Release|Win32.Build.0 = Release|Win32
		{E0B42530-03C3-4703-B2FA-62ABAE250993}.Debug|Win32.ActiveCfg = Debug|Win32
		{E0B42530-03C3-4703-B2FA-62ABAE250993}.Debug|Win32.Build.0 = Debug|Win32
		{E0B42530-03C3-4703-B2FA-62ABAE250993}.Release|Win32.ActiveCfg = Release|Win32
		{E0B42530-03C3-4703-B2FA-62ABAE250993}.Release|Win32.Build.0 = Release|Win32
		{4A14FEA0-1DA5-486F-AE2C-B1AA97ADD301}.Debug|Win32.ActiveCfg = Debug|Win32
		{4A14FEA0-1DA5-486F-AE2C-B1AA97ADD301}.Debug|Win32.Build.0 = Debug|Win32
		{4A14FEA0-1DA5-486F-AE2C-B1AA97ADD301}.Release|Win32.ActiveCfg = Release|Win32
		{4A14FEA0-1DA5-486F-AE2C-B1AA97ADD301}.Release|Win32.Build.0 = Release|Win32
	EndGlobalSection
	GlobalSection(SolutionProperties) = preSolution
		HideSolutionNode = FALSE
	EndGlobalSection
EndGlobal
